---
lockVersion: 1.0.0
dependencies:
  codeql/dataflow:
    version: 0.2.6
  codeql/mad:
    version: 0.2.15
  codeql/python-all:
    version: 0.12.0
  codeql/regex:
    version: 0.2.15
  codeql/ssa:
    version: 0.2.15
  codeql/suite-helpers:
    version: 0.7.15
  codeql/tutorial:
    version: 0.2.15
  codeql/typetracking:
    version: 0.2.15
  codeql/util:
    version: 0.2.15
  codeql/xml:
    version: 0.0.2
  codeql/yaml:
    version: 0.2.15
compiled: false
